// !$*UTF8*$!
{
	archiveVersion = 1;
	classes = {
	};
	objectVersion = 77;
	objects = {

/* Begin PBXBuildFile section */
		400B5A8A2D97530800C8C15E /* PhotoDetailsView.swift in Sources */ = {isa = PBXBuildFile; fileRef = 400B5A892D97530800C8C15E /* PhotoDetailsView.swift */; };
		400B5A8C2D97532000C8C15E /* PhotoDetailsViewModel.swift in Sources */ = {isa = PBXBuildFile; fileRef = 400B5A8B2D97532000C8C15E /* PhotoDetailsViewModel.swift */; };
		406351D92D90A9310090D1F8 /* PhotoRepositoryImpl.swift in Sources */ = {isa = PBXBuildFile; fileRef = 406351D82D90A9310090D1F8 /* PhotoRepositoryImpl.swift */; };
		406351DC2D90A9B10090D1F8 /* NetworkExtensions.swift in Sources */ = {isa = PBXBuildFile; fileRef = 406351DB2D90A9B10090D1F8 /* NetworkExtensions.swift */; };
		406351DF2D90AA330090D1F8 /* PhotoDataSource.swift in Sources */ = {isa = PBXBuildFile; fileRef = 406351DE2D90AA330090D1F8 /* PhotoDataSource.swift */; };
		406351E12D90AA970090D1F8 /* BaseResponse.swift in Sources */ = {isa = PBXBuildFile; fileRef = 406351E02D90AA970090D1F8 /* BaseResponse.swift */; };
		406351E42D90ABE50090D1F8 /* APIManager.swift in Sources */ = {isa = PBXBuildFile; fileRef = 406351E32D90ABE50090D1F8 /* APIManager.swift */; };
		406351E62D90AC1C0090D1F8 /* NetworkManagerImpl.swift in Sources */ = {isa = PBXBuildFile; fileRef = 406351E52D90AC1C0090D1F8 /* NetworkManagerImpl.swift */; };
		406351E92D90AC4B0090D1F8 /* NetworkError.swift in Sources */ = {isa = PBXBuildFile; fileRef = 406351E82D90AC4B0090D1F8 /* NetworkError.swift */; };
		406351EB2D90AC5B0090D1F8 /* RequestProtocol.swift in Sources */ = {isa = PBXBuildFile; fileRef = 406351EA2D90AC5B0090D1F8 /* RequestProtocol.swift */; };
		406351ED2D90AC7C0090D1F8 /* HTTPMethodType.swift in Sources */ = {isa = PBXBuildFile; fileRef = 406351EC2D90AC7C0090D1F8 /* HTTPMethodType.swift */; };
		406351F02D90AC920090D1F8 /* DataParser.swift in Sources */ = {isa = PBXBuildFile; fileRef = 406351EF2D90AC920090D1F8 /* DataParser.swift */; };
		406351F22D90ACBE0090D1F8 /* JsonDataParser.swift in Sources */ = {isa = PBXBuildFile; fileRef = 406351F12D90ACBE0090D1F8 /* JsonDataParser.swift */; };
		406351F42D90AE4D0090D1F8 /* PhotoRequest.swift in Sources */ = {isa = PBXBuildFile; fileRef = 406351F32D90AE4D0090D1F8 /* PhotoRequest.swift */; };
		406351F62D90AE830090D1F8 /* Extension.swift in Sources */ = {isa = PBXBuildFile; fileRef = 406351F52D90AE830090D1F8 /* Extension.swift */; };
		406351F82D90B4BD0090D1F8 /* Resolver.swift in Sources */ = {isa = PBXBuildFile; fileRef = 406351F72D90B4BD0090D1F8 /* Resolver.swift */; };
		406351FB2D90BBF70090D1F8 /* CryptoSwift in Frameworks */ = {isa = PBXBuildFile; productRef = 406351FA2D90BBF70090D1F8 /* CryptoSwift */; };
		4090E1C92D907B0B001143BE /* ContentView.swift in Sources */ = {isa = PBXBuildFile; fileRef = 4090E1C32D907B0B001143BE /* ContentView.swift */; };
		4090E1CA2D907B0B001143BE /* Persistence.swift in Sources */ = {isa = PBXBuildFile; fileRef = 4090E1C42D907B0B001143BE /* Persistence.swift */; };
		4090E1CB2D907B0B001143BE /* Pixora.xcdatamodeld in Sources */ = {isa = PBXBuildFile; fileRef = 4090E1C52D907B0B001143BE /* Pixora.xcdatamodeld */; };
		4090E1CC2D907B0B001143BE /* PixoraApp.swift in Sources */ = {isa = PBXBuildFile; fileRef = 4090E1C62D907B0B001143BE /* PixoraApp.swift */; };
		4090E1CD2D907B0B001143BE /* Preview Assets.xcassets in Resources */ = {isa = PBXBuildFile; fileRef = 4090E1C02D907B0B001143BE /* Preview Assets.xcassets */; };
		4090E1CE2D907B0B001143BE /* Assets.xcassets in Resources */ = {isa = PBXBuildFile; fileRef = 4090E1C22D907B0B001143BE /* Assets.xcassets */; };
		4090E1D62D907B88001143BE /* MainView.swift in Sources */ = {isa = PBXBuildFile; fileRef = 4090E1D52D907B88001143BE /* MainView.swift */; };
		4090E1DD2D907CDD001143BE /* ViewState.swift in Sources */ = {isa = PBXBuildFile; fileRef = 4090E1DC2D907CDD001143BE /* ViewState.swift */; };
		4090E1E12D907D22001143BE /* HomeViewModel.swift in Sources */ = {isa = PBXBuildFile; fileRef = 4090E1E02D907D22001143BE /* HomeViewModel.swift */; };
		4090E1E32D907D2A001143BE /* HomeView.swift in Sources */ = {isa = PBXBuildFile; fileRef = 4090E1E22D907D2A001143BE /* HomeView.swift */; };
		4090E1E72D907D76001143BE /* SearchView.swift in Sources */ = {isa = PBXBuildFile; fileRef = 4090E1E62D907D76001143BE /* SearchView.swift */; };
		4090E1E92D907D8E001143BE /* SearchViewModel.swift in Sources */ = {isa = PBXBuildFile; fileRef = 4090E1E82D907D8E001143BE /* SearchViewModel.swift */; };
		4090E1ED2D907DA9001143BE /* NotificationsViewModel.swift in Sources */ = {isa = PBXBuildFile; fileRef = 4090E1EC2D907DA9001143BE /* NotificationsViewModel.swift */; };
		4090E1EF2D907DB4001143BE /* NotificationsView.swift in Sources */ = {isa = PBXBuildFile; fileRef = 4090E1EE2D907DB4001143BE /* NotificationsView.swift */; };
		4090E1F32D907DC6001143BE /* FavsView.swift in Sources */ = {isa = PBXBuildFile; fileRef = 4090E1F22D907DC6001143BE /* FavsView.swift */; };
		4090E1F52D907DD8001143BE /* FavsViewModel.swift in Sources */ = {isa = PBXBuildFile; fileRef = 4090E1F42D907DD8001143BE /* FavsViewModel.swift */; };
		4090E1F92D907E20001143BE /* ProfileView.swift in Sources */ = {isa = PBXBuildFile; fileRef = 4090E1F82D907E20001143BE /* ProfileView.swift */; };
		4090E1FB2D907E39001143BE /* ProfileViewModel.swift in Sources */ = {isa = PBXBuildFile; fileRef = 4090E1FA2D907E39001143BE /* ProfileViewModel.swift */; };
		4090E2002D908179001143BE /* FirebaseAuth in Frameworks */ = {isa = PBXBuildFile; productRef = 4090E1FF2D908179001143BE /* FirebaseAuth */; };
		4090E2022D908179001143BE /* FirebaseFirestore in Frameworks */ = {isa = PBXBuildFile; productRef = 4090E2012D908179001143BE /* FirebaseFirestore */; };
		4090E2042D908179001143BE /* FirebaseStorage in Frameworks */ = {isa = PBXBuildFile; productRef = 4090E2032D908179001143BE /* FirebaseStorage */; };
		4090E2072D90818B001143BE /* Swinject in Frameworks */ = {isa = PBXBuildFile; productRef = 4090E2062D90818B001143BE /* Swinject */; };
		4090E20A2D90819C001143BE /* SDWebImageSwiftUI in Frameworks */ = {isa = PBXBuildFile; productRef = 4090E2092D90819C001143BE /* SDWebImageSwiftUI */; };
		4090E20E2D9081CF001143BE /* SessionManager.swift in Sources */ = {isa = PBXBuildFile; fileRef = 4090E20D2D9081CF001143BE /* SessionManager.swift */; };
		4090E2102D908511001143BE /* GoogleService-Info.plist in Resources */ = {isa = PBXBuildFile; fileRef = 4090E20F2D908511001143BE /* GoogleService-Info.plist */; };
		4090E2132D9097A2001143BE /* InfoView.swift in Sources */ = {isa = PBXBuildFile; fileRef = 4090E2122D9097A2001143BE /* InfoView.swift */; };
		4090E2152D909834001143BE /* PhotoRow.swift in Sources */ = {isa = PBXBuildFile; fileRef = 4090E2142D909834001143BE /* PhotoRow.swift */; };
		4090E2172D90989F001143BE /* DataConstants.swift in Sources */ = {isa = PBXBuildFile; fileRef = 4090E2162D90989F001143BE /* DataConstants.swift */; };
		4090E21B2D909A43001143BE /* Photo.swift in Sources */ = {isa = PBXBuildFile; fileRef = 4090E21A2D909A43001143BE /* Photo.swift */; };
		4090E21E2D909D50001143BE /* PhotoModel.swift in Sources */ = {isa = PBXBuildFile; fileRef = 4090E21D2D909D50001143BE /* PhotoModel.swift */; };
		4090E2212D909E79001143BE /* UserModel.swift in Sources */ = {isa = PBXBuildFile; fileRef = 4090E2202D909E79001143BE /* UserModel.swift */; };
		4090E2232D909ED3001143BE /* PhotoURLsModel.swift in Sources */ = {isa = PBXBuildFile; fileRef = 4090E2222D909ED3001143BE /* PhotoURLsModel.swift */; };
		4090E2252D909F95001143BE /* PhotoProfileImageModel.swift in Sources */ = {isa = PBXBuildFile; fileRef = 4090E2242D909F95001143BE /* PhotoProfileImageModel.swift */; };
		4090E2282D90A0FE001143BE /* PhotoMapper.swift in Sources */ = {isa = PBXBuildFile; fileRef = 4090E2272D90A0FE001143BE /* PhotoMapper.swift */; };
		4090E22A2D90A782001143BE /* GetPhotosParam.swift in Sources */ = {isa = PBXBuildFile; fileRef = 4090E2292D90A782001143BE /* GetPhotosParam.swift */; };
		4090E22E2D90A7C5001143BE /* UseCaseProtocol.swift in Sources */ = {isa = PBXBuildFile; fileRef = 4090E22D2D90A7C5001143BE /* UseCaseProtocol.swift */; };
		4090E2312D90A808001143BE /* AppError.swift in Sources */ = {isa = PBXBuildFile; fileRef = 4090E2302D90A808001143BE /* AppError.swift */; };
		4090E2332D90A841001143BE /* GetPhotosUseCase.swift in Sources */ = {isa = PBXBuildFile; fileRef = 4090E2322D90A841001143BE /* GetPhotosUseCase.swift */; };
		4090E2352D90A8B7001143BE /* PhotoRepository.swift in Sources */ = {isa = PBXBuildFile; fileRef = 4090E2342D90A8B7001143BE /* PhotoRepository.swift */; };
		40F9E1232DB00D970071A0FD /* FavoritePhotoDataSource.swift in Sources */ = {isa = PBXBuildFile; fileRef = 40F9E1222DB00D970071A0FD /* FavoritePhotoDataSource.swift */; };
		40F9E1252DB010EF0071A0FD /* SetPhotoAsFavoriteUseCase.swift in Sources */ = {isa = PBXBuildFile; fileRef = 40F9E1242DB010EF0071A0FD /* SetPhotoAsFavoriteUseCase.swift */; };
		40F9E1272DB011020071A0FD /* DeletePhotoAsFavoriteUseCase.swift in Sources */ = {isa = PBXBuildFile; fileRef = 40F9E1262DB011020071A0FD /* DeletePhotoAsFavoriteUseCase.swift */; };
		40F9E1292DB011210071A0FD /* GetFavoritePhotosUseCase.swift in Sources */ = {isa = PBXBuildFile; fileRef = 40F9E1282DB011210071A0FD /* GetFavoritePhotosUseCase.swift */; };
		40F9E12D2DB014EA0071A0FD /* IsPhotoFavoriteUseCase.swift in Sources */ = {isa = PBXBuildFile; fileRef = 40F9E12C2DB014EA0071A0FD /* IsPhotoFavoriteUseCase.swift */; };
/* End PBXBuildFile section */

/* Begin PBXFileReference section */
		400B5A892D97530800C8C15E /* PhotoDetailsView.swift */ = {isa = PBXFileReference; lastKnownFileType = sourcecode.swift; path = PhotoDetailsView.swift; sourceTree = "<group>"; };
		400B5A8B2D97532000C8C15E /* PhotoDetailsViewModel.swift */ = {isa = PBXFileReference; lastKnownFileType = sourcecode.swift; path = PhotoDetailsViewModel.swift; sourceTree = "<group>"; };
		406351D82D90A9310090D1F8 /* PhotoRepositoryImpl.swift */ = {isa = PBXFileReference; lastKnownFileType = sourcecode.swift; path = PhotoRepositoryImpl.swift; sourceTree = "<group>"; };
		406351DB2D90A9B10090D1F8 /* NetworkExtensions.swift */ = {isa = PBXFileReference; lastKnownFileType = sourcecode.swift; path = NetworkExtensions.swift; sourceTree = "<group>"; };
		406351DE2D90AA330090D1F8 /* PhotoDataSource.swift */ = {isa = PBXFileReference; lastKnownFileType = sourcecode.swift; path = PhotoDataSource.swift; sourceTree = "<group>"; };
		406351E02D90AA970090D1F8 /* BaseResponse.swift */ = {isa = PBXFileReference; lastKnownFileType = sourcecode.swift; path = BaseResponse.swift; sourceTree = "<group>"; };
		406351E32D90ABE50090D1F8 /* APIManager.swift */ = {isa = PBXFileReference; lastKnownFileType = sourcecode.swift; path = APIManager.swift; sourceTree = "<group>"; };
		406351E52D90AC1C0090D1F8 /* NetworkManagerImpl.swift */ = {isa = PBXFileReference; lastKnownFileType = sourcecode.swift; path = NetworkManagerImpl.swift; sourceTree = "<group>"; };
		406351E82D90AC4B0090D1F8 /* NetworkError.swift */ = {isa = PBXFileReference; lastKnownFileType = sourcecode.swift; path = NetworkError.swift; sourceTree = "<group>"; };
		406351EA2D90AC5B0090D1F8 /* RequestProtocol.swift */ = {isa = PBXFileReference; lastKnownFileType = sourcecode.swift; path = RequestProtocol.swift; sourceTree = "<group>"; };
		406351EC2D90AC7C0090D1F8 /* HTTPMethodType.swift */ = {isa = PBXFileReference; lastKnownFileType = sourcecode.swift; path = HTTPMethodType.swift; sourceTree = "<group>"; };
		406351EF2D90AC920090D1F8 /* DataParser.swift */ = {isa = PBXFileReference; lastKnownFileType = sourcecode.swift; path = DataParser.swift; sourceTree = "<group>"; };
		406351F12D90ACBE0090D1F8 /* JsonDataParser.swift */ = {isa = PBXFileReference; lastKnownFileType = sourcecode.swift; path = JsonDataParser.swift; sourceTree = "<group>"; };
		406351F32D90AE4D0090D1F8 /* PhotoRequest.swift */ = {isa = PBXFileReference; lastKnownFileType = sourcecode.swift; path = PhotoRequest.swift; sourceTree = "<group>"; };
		406351F52D90AE830090D1F8 /* Extension.swift */ = {isa = PBXFileReference; lastKnownFileType = sourcecode.swift; path = Extension.swift; sourceTree = "<group>"; };
		406351F72D90B4BD0090D1F8 /* Resolver.swift */ = {isa = PBXFileReference; lastKnownFileType = sourcecode.swift; path = Resolver.swift; sourceTree = "<group>"; };
		4090E1AA2D907A60001143BE /* Pixora.app */ = {isa = PBXFileReference; explicitFileType = wrapper.application; includeInIndex = 0; path = Pixora.app; sourceTree = BUILT_PRODUCTS_DIR; };
		4090E1C02D907B0B001143BE /* Preview Assets.xcassets */ = {isa = PBXFileReference; lastKnownFileType = folder.assetcatalog; path = "Preview Assets.xcassets"; sourceTree = "<group>"; };
		4090E1C22D907B0B001143BE /* Assets.xcassets */ = {isa = PBXFileReference; lastKnownFileType = folder.assetcatalog; path = Assets.xcassets; sourceTree = "<group>"; };
		4090E1C32D907B0B001143BE /* ContentView.swift */ = {isa = PBXFileReference; lastKnownFileType = sourcecode.swift; path = ContentView.swift; sourceTree = "<group>"; };
		4090E1C42D907B0B001143BE /* Persistence.swift */ = {isa = PBXFileReference; lastKnownFileType = sourcecode.swift; path = Persistence.swift; sourceTree = "<group>"; };
		4090E1C62D907B0B001143BE /* PixoraApp.swift */ = {isa = PBXFileReference; lastKnownFileType = sourcecode.swift; path = PixoraApp.swift; sourceTree = "<group>"; };
		4090E1C82D907B0B001143BE /* Pixora.xcdatamodel */ = {isa = PBXFileReference; lastKnownFileType = wrapper.xcdatamodel; path = Pixora.xcdatamodel; sourceTree = "<group>"; };
		4090E1D52D907B88001143BE /* MainView.swift */ = {isa = PBXFileReference; lastKnownFileType = sourcecode.swift; path = MainView.swift; sourceTree = "<group>"; };
		4090E1DC2D907CDD001143BE /* ViewState.swift */ = {isa = PBXFileReference; lastKnownFileType = sourcecode.swift; path = ViewState.swift; sourceTree = "<group>"; };
		4090E1E02D907D22001143BE /* HomeViewModel.swift */ = {isa = PBXFileReference; lastKnownFileType = sourcecode.swift; path = HomeViewModel.swift; sourceTree = "<group>"; };
		4090E1E22D907D2A001143BE /* HomeView.swift */ = {isa = PBXFileReference; lastKnownFileType = sourcecode.swift; path = HomeView.swift; sourceTree = "<group>"; };
		4090E1E62D907D76001143BE /* SearchView.swift */ = {isa = PBXFileReference; lastKnownFileType = sourcecode.swift; path = SearchView.swift; sourceTree = "<group>"; };
		4090E1E82D907D8E001143BE /* SearchViewModel.swift */ = {isa = PBXFileReference; lastKnownFileType = sourcecode.swift; path = SearchViewModel.swift; sourceTree = "<group>"; };
		4090E1EC2D907DA9001143BE /* NotificationsViewModel.swift */ = {isa = PBXFileReference; lastKnownFileType = sourcecode.swift; path = NotificationsViewModel.swift; sourceTree = "<group>"; };
		4090E1EE2D907DB4001143BE /* NotificationsView.swift */ = {isa = PBXFileReference; lastKnownFileType = sourcecode.swift; path = NotificationsView.swift; sourceTree = "<group>"; };
		4090E1F22D907DC6001143BE /* FavsView.swift */ = {isa = PBXFileReference; lastKnownFileType = sourcecode.swift; path = FavsView.swift; sourceTree = "<group>"; };
		4090E1F42D907DD8001143BE /* FavsViewModel.swift */ = {isa = PBXFileReference; lastKnownFileType = sourcecode.swift; path = FavsViewModel.swift; sourceTree = "<group>"; };
		4090E1F82D907E20001143BE /* ProfileView.swift */ = {isa = PBXFileReference; lastKnownFileType = sourcecode.swift; path = ProfileView.swift; sourceTree = "<group>"; };
		4090E1FA2D907E39001143BE /* ProfileViewModel.swift */ = {isa = PBXFileReference; lastKnownFileType = sourcecode.swift; path = ProfileViewModel.swift; sourceTree = "<group>"; };
		4090E20D2D9081CF001143BE /* SessionManager.swift */ = {isa = PBXFileReference; lastKnownFileType = sourcecode.swift; path = SessionManager.swift; sourceTree = "<group>"; };
		4090E20F2D908511001143BE /* GoogleService-Info.plist */ = {isa = PBXFileReference; lastKnownFileType = text.plist.xml; path = "GoogleService-Info.plist"; sourceTree = "<group>"; };
		4090E2122D9097A2001143BE /* InfoView.swift */ = {isa = PBXFileReference; lastKnownFileType = sourcecode.swift; path = InfoView.swift; sourceTree = "<group>"; };
		4090E2142D909834001143BE /* PhotoRow.swift */ = {isa = PBXFileReference; lastKnownFileType = sourcecode.swift; path = PhotoRow.swift; sourceTree = "<group>"; };
		4090E2162D90989F001143BE /* DataConstants.swift */ = {isa = PBXFileReference; lastKnownFileType = sourcecode.swift; path = DataConstants.swift; sourceTree = "<group>"; };
		4090E21A2D909A43001143BE /* Photo.swift */ = {isa = PBXFileReference; lastKnownFileType = sourcecode.swift; path = Photo.swift; sourceTree = "<group>"; };
		4090E21D2D909D50001143BE /* PhotoModel.swift */ = {isa = PBXFileReference; lastKnownFileType = sourcecode.swift; path = PhotoModel.swift; sourceTree = "<group>"; };
		4090E2202D909E79001143BE /* UserModel.swift */ = {isa = PBXFileReference; lastKnownFileType = sourcecode.swift; path = UserModel.swift; sourceTree = "<group>"; };
		4090E2222D909ED3001143BE /* PhotoURLsModel.swift */ = {isa = PBXFileReference; lastKnownFileType = sourcecode.swift; path = PhotoURLsModel.swift; sourceTree = "<group>"; };
		4090E2242D909F95001143BE /* PhotoProfileImageModel.swift */ = {isa = PBXFileReference; lastKnownFileType = sourcecode.swift; path = PhotoProfileImageModel.swift; sourceTree = "<group>"; };
		4090E2272D90A0FE001143BE /* PhotoMapper.swift */ = {isa = PBXFileReference; lastKnownFileType = sourcecode.swift; path = PhotoMapper.swift; sourceTree = "<group>"; };
		4090E2292D90A782001143BE /* GetPhotosParam.swift */ = {isa = PBXFileReference; lastKnownFileType = sourcecode.swift; path = GetPhotosParam.swift; sourceTree = "<group>"; };
		4090E22D2D90A7C5001143BE /* UseCaseProtocol.swift */ = {isa = PBXFileReference; lastKnownFileType = sourcecode.swift; path = UseCaseProtocol.swift; sourceTree = "<group>"; };
		4090E2302D90A808001143BE /* AppError.swift */ = {isa = PBXFileReference; lastKnownFileType = sourcecode.swift; path = AppError.swift; sourceTree = "<group>"; };
		4090E2322D90A841001143BE /* GetPhotosUseCase.swift */ = {isa = PBXFileReference; lastKnownFileType = sourcecode.swift; path = GetPhotosUseCase.swift; sourceTree = "<group>"; };
		4090E2342D90A8B7001143BE /* PhotoRepository.swift */ = {isa = PBXFileReference; lastKnownFileType = sourcecode.swift; path = PhotoRepository.swift; sourceTree = "<group>"; };
		40F9E1222DB00D970071A0FD /* FavoritePhotoDataSource.swift */ = {isa = PBXFileReference; lastKnownFileType = sourcecode.swift; path = FavoritePhotoDataSource.swift; sourceTree = "<group>"; };
		40F9E1242DB010EF0071A0FD /* SetPhotoAsFavoriteUseCase.swift */ = {isa = PBXFileReference; lastKnownFileType = sourcecode.swift; path = SetPhotoAsFavoriteUseCase.swift; sourceTree = "<group>"; };
		40F9E1262DB011020071A0FD /* DeletePhotoAsFavoriteUseCase.swift */ = {isa = PBXFileReference; lastKnownFileType = sourcecode.swift; path = DeletePhotoAsFavoriteUseCase.swift; sourceTree = "<group>"; };
		40F9E1282DB011210071A0FD /* GetFavoritePhotosUseCase.swift */ = {isa = PBXFileReference; lastKnownFileType = sourcecode.swift; path = GetFavoritePhotosUseCase.swift; sourceTree = "<group>"; };
		40F9E12C2DB014EA0071A0FD /* IsPhotoFavoriteUseCase.swift */ = {isa = PBXFileReference; lastKnownFileType = sourcecode.swift; path = IsPhotoFavoriteUseCase.swift; sourceTree = "<group>"; };
/* End PBXFileReference section */

/* Begin PBXFrameworksBuildPhase section */
		4090E1A72D907A60001143BE /* Frameworks */ = {
			isa = PBXFrameworksBuildPhase;
			buildActionMask = 2147483647;
			files = (
				4090E20A2D90819C001143BE /* SDWebImageSwiftUI in Frameworks */,
				4090E2002D908179001143BE /* FirebaseAuth in Frameworks */,
				4090E2022D908179001143BE /* FirebaseFirestore in Frameworks */,
				4090E2042D908179001143BE /* FirebaseStorage in Frameworks */,
				4090E2072D90818B001143BE /* Swinject in Frameworks */,
				406351FB2D90BBF70090D1F8 /* CryptoSwift in Frameworks */,
			);
			runOnlyForDeploymentPostprocessing = 0;
		};
/* End PBXFrameworksBuildPhase section */

/* Begin PBXGroup section */
		400B5A872D9752C200C8C15E /* PhotoDetails */ = {
			isa = PBXGroup;
			children = (
				400B5A882D9752F900C8C15E /* ViewModel */,
				400B5A892D97530800C8C15E /* PhotoDetailsView.swift */,
			);
			path = PhotoDetails;
			sourceTree = "<group>";
		};
		400B5A882D9752F900C8C15E /* ViewModel */ = {
			isa = PBXGroup;
			children = (
				400B5A8B2D97532000C8C15E /* PhotoDetailsViewModel.swift */,
			);
			path = ViewModel;
			sourceTree = "<group>";
		};
		406351D72D90A9200090D1F8 /* Repository */ = {
			isa = PBXGroup;
			children = (
				406351D82D90A9310090D1F8 /* PhotoRepositoryImpl.swift */,
			);
			path = Repository;
			sourceTree = "<group>";
		};
		406351DA2D90A99C0090D1F8 /* Network */ = {
			isa = PBXGroup;
			children = (
				406351E22D90ABD80090D1F8 /* Core */,
				406351DB2D90A9B10090D1F8 /* NetworkExtensions.swift */,
				406351E02D90AA970090D1F8 /* BaseResponse.swift */,
			);
			path = Network;
			sourceTree = "<group>";
		};
		406351DD2D90A9E10090D1F8 /* DataSource */ = {
			isa = PBXGroup;
			children = (
				40F9E1202DB00B380071A0FD /* Remote */,
				40F9E1212DB00B400071A0FD /* Local */,
			);
			path = DataSource;
			sourceTree = "<group>";
		};
		406351E22D90ABD80090D1F8 /* Core */ = {
			isa = PBXGroup;
			children = (
				406351E72D90AC3F0090D1F8 /* Base */,
				406351E32D90ABE50090D1F8 /* APIManager.swift */,
				406351E52D90AC1C0090D1F8 /* NetworkManagerImpl.swift */,
			);
			path = Core;
			sourceTree = "<group>";
		};
		406351E72D90AC3F0090D1F8 /* Base */ = {
			isa = PBXGroup;
			children = (
				406351EE2D90AC870090D1F8 /* Parser */,
				406351E82D90AC4B0090D1F8 /* NetworkError.swift */,
				406351EA2D90AC5B0090D1F8 /* RequestProtocol.swift */,
				406351EC2D90AC7C0090D1F8 /* HTTPMethodType.swift */,
			);
			path = Base;
			sourceTree = "<group>";
		};
		406351EE2D90AC870090D1F8 /* Parser */ = {
			isa = PBXGroup;
			children = (
				406351EF2D90AC920090D1F8 /* DataParser.swift */,
				406351F12D90ACBE0090D1F8 /* JsonDataParser.swift */,
			);
			path = Parser;
			sourceTree = "<group>";
		};
		4090E1A12D907A60001143BE = {
			isa = PBXGroup;
			children = (
				4090E1C72D907B0B001143BE /* Pixora */,
				4090E1AB2D907A60001143BE /* Products */,
			);
			sourceTree = "<group>";
		};
		4090E1AB2D907A60001143BE /* Products */ = {
			isa = PBXGroup;
			children = (
				4090E1AA2D907A60001143BE /* Pixora.app */,
			);
			name = Products;
			sourceTree = "<group>";
		};
		4090E1C12D907B0B001143BE /* Preview Content */ = {
			isa = PBXGroup;
			children = (
				4090E1C02D907B0B001143BE /* Preview Assets.xcassets */,
			);
			path = "Preview Content";
			sourceTree = "<group>";
		};
		4090E1C72D907B0B001143BE /* Pixora */ = {
			isa = PBXGroup;
			children = (
				4090E20C2D9081C2001143BE /* Utils */,
				4090E1D42D907B69001143BE /* DI */,
				4090E1D12D907B38001143BE /* Data */,
				4090E1D02D907B32001143BE /* Domain */,
				4090E1CF2D907B0E001143BE /* Presentation */,
				4090E1C12D907B0B001143BE /* Preview Content */,
				4090E1C22D907B0B001143BE /* Assets.xcassets */,
				4090E1C62D907B0B001143BE /* PixoraApp.swift */,
				4090E1C32D907B0B001143BE /* ContentView.swift */,
				4090E1C42D907B0B001143BE /* Persistence.swift */,
				4090E1C52D907B0B001143BE /* Pixora.xcdatamodeld */,
				4090E20F2D908511001143BE /* GoogleService-Info.plist */,
			);
			path = Pixora;
			sourceTree = "<group>";
		};
		4090E1CF2D907B0E001143BE /* Presentation */ = {
			isa = PBXGroup;
			children = (
				4090E1D52D907B88001143BE /* MainView.swift */,
				4090E1DC2D907CDD001143BE /* ViewState.swift */,
				4090E1D92D907C77001143BE /* Home */,
				4090E1DA2D907C80001143BE /* Search */,
				4090E1DB2D907CB2001143BE /* Notifications */,
				4090E1D82D907C6E001143BE /* Favs */,
				4090E1D72D907C5C001143BE /* Profile */,
				400B5A872D9752C200C8C15E /* PhotoDetails */,
				4090E2112D909791001143BE /* Utils */,
			);
			path = Presentation;
			sourceTree = "<group>";
		};
		4090E1D02D907B32001143BE /* Domain */ = {
			isa = PBXGroup;
			children = (
				4090E22B2D90A7AA001143BE /* UseCase */,
				4090E2182D909A22001143BE /* Entity */,
				4090E22F2D90A7F5001143BE /* Errors */,
				4090E2362D90A8BC001143BE /* Repository */,
			);
			path = Domain;
			sourceTree = "<group>";
		};
		4090E1D12D907B38001143BE /* Data */ = {
			isa = PBXGroup;
			children = (
				406351DD2D90A9E10090D1F8 /* DataSource */,
				406351DA2D90A99C0090D1F8 /* Network */,
				406351D72D90A9200090D1F8 /* Repository */,
				4090E2262D90A0F4001143BE /* Mappers */,
				4090E21C2D909D48001143BE /* Model */,
				4090E2162D90989F001143BE /* DataConstants.swift */,
			);
			path = Data;
			sourceTree = "<group>";
		};
		4090E1D42D907B69001143BE /* DI */ = {
			isa = PBXGroup;
			children = (
				406351F72D90B4BD0090D1F8 /* Resolver.swift */,
			);
			path = DI;
			sourceTree = "<group>";
		};
		4090E1D72D907C5C001143BE /* Profile */ = {
			isa = PBXGroup;
			children = (
				4090E1F72D907E11001143BE /* View */,
				4090E1F62D907E04001143BE /* ViewModel */,
			);
			path = Profile;
			sourceTree = "<group>";
		};
		4090E1D82D907C6E001143BE /* Favs */ = {
			isa = PBXGroup;
			children = (
				4090E1F12D907DBD001143BE /* View */,
				4090E1F02D907DB7001143BE /* ViewModel */,
			);
			path = Favs;
			sourceTree = "<group>";
		};
		4090E1D92D907C77001143BE /* Home */ = {
			isa = PBXGroup;
			children = (
				4090E1DF2D907D16001143BE /* View */,
				4090E1DE2D907D0D001143BE /* ViewModel */,
			);
			path = Home;
			sourceTree = "<group>";
		};
		4090E1DA2D907C80001143BE /* Search */ = {
			isa = PBXGroup;
			children = (
				4090E1E52D907D68001143BE /* View */,
				4090E1E42D907D60001143BE /* ViewModel */,
			);
			path = Search;
			sourceTree = "<group>";
		};
		4090E1DB2D907CB2001143BE /* Notifications */ = {
			isa = PBXGroup;
			children = (
				4090E1EB2D907D9B001143BE /* View */,
				4090E1EA2D907D94001143BE /* ViewModel */,
			);
			path = Notifications;
			sourceTree = "<group>";
		};
		4090E1DE2D907D0D001143BE /* ViewModel */ = {
			isa = PBXGroup;
			children = (
				4090E1E02D907D22001143BE /* HomeViewModel.swift */,
			);
			path = ViewModel;
			sourceTree = "<group>";
		};
		4090E1DF2D907D16001143BE /* View */ = {
			isa = PBXGroup;
			children = (
				4090E1E22D907D2A001143BE /* HomeView.swift */,
			);
			path = View;
			sourceTree = "<group>";
		};
		4090E1E42D907D60001143BE /* ViewModel */ = {
			isa = PBXGroup;
			children = (
				4090E1E82D907D8E001143BE /* SearchViewModel.swift */,
			);
			path = ViewModel;
			sourceTree = "<group>";
		};
		4090E1E52D907D68001143BE /* View */ = {
			isa = PBXGroup;
			children = (
				4090E1E62D907D76001143BE /* SearchView.swift */,
			);
			path = View;
			sourceTree = "<group>";
		};
		4090E1EA2D907D94001143BE /* ViewModel */ = {
			isa = PBXGroup;
			children = (
				4090E1EC2D907DA9001143BE /* NotificationsViewModel.swift */,
			);
			path = ViewModel;
			sourceTree = "<group>";
		};
		4090E1EB2D907D9B001143BE /* View */ = {
			isa = PBXGroup;
			children = (
				4090E1EE2D907DB4001143BE /* NotificationsView.swift */,
			);
			path = View;
			sourceTree = "<group>";
		};
		4090E1F02D907DB7001143BE /* ViewModel */ = {
			isa = PBXGroup;
			children = (
				4090E1F42D907DD8001143BE /* FavsViewModel.swift */,
			);
			path = ViewModel;
			sourceTree = "<group>";
		};
		4090E1F12D907DBD001143BE /* View */ = {
			isa = PBXGroup;
			children = (
				4090E1F22D907DC6001143BE /* FavsView.swift */,
			);
			path = View;
			sourceTree = "<group>";
		};
		4090E1F62D907E04001143BE /* ViewModel */ = {
			isa = PBXGroup;
			children = (
				4090E1FA2D907E39001143BE /* ProfileViewModel.swift */,
			);
			path = ViewModel;
			sourceTree = "<group>";
		};
		4090E1F72D907E11001143BE /* View */ = {
			isa = PBXGroup;
			children = (
				4090E1F82D907E20001143BE /* ProfileView.swift */,
			);
			path = View;
			sourceTree = "<group>";
		};
		4090E20C2D9081C2001143BE /* Utils */ = {
			isa = PBXGroup;
			children = (
				4090E20D2D9081CF001143BE /* SessionManager.swift */,
				406351F52D90AE830090D1F8 /* Extension.swift */,
			);
			path = Utils;
			sourceTree = "<group>";
		};
		4090E2112D909791001143BE /* Utils */ = {
			isa = PBXGroup;
			children = (
				4090E2122D9097A2001143BE /* InfoView.swift */,
				4090E2142D909834001143BE /* PhotoRow.swift */,
			);
			path = Utils;
			sourceTree = "<group>";
		};
		4090E2182D909A22001143BE /* Entity */ = {
			isa = PBXGroup;
			children = (
				4090E2192D909A2F001143BE /* Photo */,
			);
			path = Entity;
			sourceTree = "<group>";
		};
		4090E2192D909A2F001143BE /* Photo */ = {
			isa = PBXGroup;
			children = (
				4090E21A2D909A43001143BE /* Photo.swift */,
				4090E2292D90A782001143BE /* GetPhotosParam.swift */,
			);
			path = Photo;
			sourceTree = "<group>";
		};
		4090E21C2D909D48001143BE /* Model */ = {
			isa = PBXGroup;
			children = (
				4090E21F2D909D56001143BE /* Photo */,
			);
			path = Model;
			sourceTree = "<group>";
		};
		4090E21F2D909D56001143BE /* Photo */ = {
			isa = PBXGroup;
			children = (
				4090E21D2D909D50001143BE /* PhotoModel.swift */,
				4090E2202D909E79001143BE /* UserModel.swift */,
				4090E2222D909ED3001143BE /* PhotoURLsModel.swift */,
				4090E2242D909F95001143BE /* PhotoProfileImageModel.swift */,
				406351F32D90AE4D0090D1F8 /* PhotoRequest.swift */,
			);
			path = Photo;
			sourceTree = "<group>";
		};
		4090E2262D90A0F4001143BE /* Mappers */ = {
			isa = PBXGroup;
			children = (
				4090E2272D90A0FE001143BE /* PhotoMapper.swift */,
			);
			path = Mappers;
			sourceTree = "<group>";
		};
		4090E22B2D90A7AA001143BE /* UseCase */ = {
			isa = PBXGroup;
			children = (
				4090E22C2D90A7B7001143BE /* Base */,
				4090E2322D90A841001143BE /* GetPhotosUseCase.swift */,
				40F9E1242DB010EF0071A0FD /* SetPhotoAsFavoriteUseCase.swift */,
				40F9E1262DB011020071A0FD /* DeletePhotoAsFavoriteUseCase.swift */,
				40F9E1282DB011210071A0FD /* GetFavoritePhotosUseCase.swift */,
				40F9E12C2DB014EA0071A0FD /* IsPhotoFavoriteUseCase.swift */,
			);
			path = UseCase;
			sourceTree = "<group>";
		};
		4090E22C2D90A7B7001143BE /* Base */ = {
			isa = PBXGroup;
			children = (
				4090E22D2D90A7C5001143BE /* UseCaseProtocol.swift */,
			);
			path = Base;
			sourceTree = "<group>";
		};
		4090E22F2D90A7F5001143BE /* Errors */ = {
			isa = PBXGroup;
			children = (
				4090E2302D90A808001143BE /* AppError.swift */,
			);
			path = Errors;
			sourceTree = "<group>";
		};
		4090E2362D90A8BC001143BE /* Repository */ = {
			isa = PBXGroup;
			children = (
				4090E2342D90A8B7001143BE /* PhotoRepository.swift */,
			);
			path = Repository;
			sourceTree = "<group>";
		};
		40F9E1202DB00B380071A0FD /* Remote */ = {
			isa = PBXGroup;
			children = (
				406351DE2D90AA330090D1F8 /* PhotoDataSource.swift */,
			);
			path = Remote;
			sourceTree = "<group>";
		};
		40F9E1212DB00B400071A0FD /* Local */ = {
			isa = PBXGroup;
			children = (
				40F9E1222DB00D970071A0FD /* FavoritePhotoDataSource.swift */,
			);
			path = Local;
			sourceTree = "<group>";
		};
/* End PBXGroup section */

/* Begin PBXNativeTarget section */
		4090E1A92D907A60001143BE /* Pixora */ = {
			isa = PBXNativeTarget;
			buildConfigurationList = 4090E1BD2D907A61001143BE /* Build configuration list for PBXNativeTarget "Pixora" */;
			buildPhases = (
				4090E1A62D907A60001143BE /* Sources */,
				4090E1A72D907A60001143BE /* Frameworks */,
				4090E1A82D907A60001143BE /* Resources */,
			);
			buildRules = (
			);
			dependencies = (
			);
			name = Pixora;
			packageProductDependencies = (
				4090E1FF2D908179001143BE /* FirebaseAuth */,
				4090E2012D908179001143BE /* FirebaseFirestore */,
				4090E2032D908179001143BE /* FirebaseStorage */,
				4090E2062D90818B001143BE /* Swinject */,
				4090E2092D90819C001143BE /* SDWebImageSwiftUI */,
				406351FA2D90BBF70090D1F8 /* CryptoSwift */,
			);
			productName = Pixora;
			productReference = 4090E1AA2D907A60001143BE /* Pixora.app */;
			productType = "com.apple.product-type.application";
		};
/* End PBXNativeTarget section */

/* Begin PBXProject section */
		4090E1A22D907A60001143BE /* Project object */ = {
			isa = PBXProject;
			attributes = {
				BuildIndependentTargetsInParallel = 1;
				LastSwiftUpdateCheck = 1620;
				LastUpgradeCheck = 1620;
				TargetAttributes = {
					4090E1A92D907A60001143BE = {
						CreatedOnToolsVersion = 16.2;
					};
				};
			};
			buildConfigurationList = 4090E1A52D907A60001143BE /* Build configuration list for PBXProject "Pixora" */;
			developmentRegion = en;
			hasScannedForEncodings = 0;
			knownRegions = (
				en,
				Base,
			);
			mainGroup = 4090E1A12D907A60001143BE;
			minimizedProjectReferenceProxies = 1;
			packageReferences = (
				4090E1FE2D908179001143BE /* XCRemoteSwiftPackageReference "firebase-ios-sdk" */,
				4090E2052D90818B001143BE /* XCRemoteSwiftPackageReference "Swinject" */,
				4090E2082D90819C001143BE /* XCRemoteSwiftPackageReference "SDWebImageSwiftUI" */,
				406351F92D90BBF70090D1F8 /* XCRemoteSwiftPackageReference "CryptoSwift" */,
			);
			preferredProjectObjectVersion = 77;
			productRefGroup = 4090E1AB2D907A60001143BE /* Products */;
			projectDirPath = "";
			projectRoot = "";
			targets = (
				4090E1A92D907A60001143BE /* Pixora */,
			);
		};
/* End PBXProject section */

/* Begin PBXResourcesBuildPhase section */
		4090E1A82D907A60001143BE /* Resources */ = {
			isa = PBXResourcesBuildPhase;
			buildActionMask = 2147483647;
			files = (
				4090E1CD2D907B0B001143BE /* Preview Assets.xcassets in Resources */,
				4090E2102D908511001143BE /* GoogleService-Info.plist in Resources */,
				4090E1CE2D907B0B001143BE /* Assets.xcassets in Resources */,
			);
			runOnlyForDeploymentPostprocessing = 0;
		};
/* End PBXResourcesBuildPhase section */

/* Begin PBXSourcesBuildPhase section */
		4090E1A62D907A60001143BE /* Sources */ = {
			isa = PBXSourcesBuildPhase;
			buildActionMask = 2147483647;
			files = (
				4090E2232D909ED3001143BE /* PhotoURLsModel.swift in Sources */,
				40F9E1272DB011020071A0FD /* DeletePhotoAsFavoriteUseCase.swift in Sources */,
				4090E21B2D909A43001143BE /* Photo.swift in Sources */,
				406351ED2D90AC7C0090D1F8 /* HTTPMethodType.swift in Sources */,
				4090E1C92D907B0B001143BE /* ContentView.swift in Sources */,
				4090E1E72D907D76001143BE /* SearchView.swift in Sources */,
				4090E1CA2D907B0B001143BE /* Persistence.swift in Sources */,
				4090E1F32D907DC6001143BE /* FavsView.swift in Sources */,
				406351F42D90AE4D0090D1F8 /* PhotoRequest.swift in Sources */,
				4090E1E12D907D22001143BE /* HomeViewModel.swift in Sources */,
				406351DF2D90AA330090D1F8 /* PhotoDataSource.swift in Sources */,
				4090E2172D90989F001143BE /* DataConstants.swift in Sources */,
				4090E22A2D90A782001143BE /* GetPhotosParam.swift in Sources */,
				4090E1DD2D907CDD001143BE /* ViewState.swift in Sources */,
				40F9E1292DB011210071A0FD /* GetFavoritePhotosUseCase.swift in Sources */,
				4090E2212D909E79001143BE /* UserModel.swift in Sources */,
				40F9E1252DB010EF0071A0FD /* SetPhotoAsFavoriteUseCase.swift in Sources */,
				406351E42D90ABE50090D1F8 /* APIManager.swift in Sources */,
				406351F62D90AE830090D1F8 /* Extension.swift in Sources */,
				4090E21E2D909D50001143BE /* PhotoModel.swift in Sources */,
				406351DC2D90A9B10090D1F8 /* NetworkExtensions.swift in Sources */,
				4090E1ED2D907DA9001143BE /* NotificationsViewModel.swift in Sources */,
				406351F02D90AC920090D1F8 /* DataParser.swift in Sources */,
				4090E2332D90A841001143BE /* GetPhotosUseCase.swift in Sources */,
				4090E1F92D907E20001143BE /* ProfileView.swift in Sources */,
				400B5A8C2D97532000C8C15E /* PhotoDetailsViewModel.swift in Sources */,
				4090E1CB2D907B0B001143BE /* Pixora.xcdatamodeld in Sources */,
				406351D92D90A9310090D1F8 /* PhotoRepositoryImpl.swift in Sources */,
				406351F22D90ACBE0090D1F8 /* JsonDataParser.swift in Sources */,
				4090E1F52D907DD8001143BE /* FavsViewModel.swift in Sources */,
				4090E1E92D907D8E001143BE /* SearchViewModel.swift in Sources */,
				4090E1E32D907D2A001143BE /* HomeView.swift in Sources */,
				40F9E1232DB00D970071A0FD /* FavoritePhotoDataSource.swift in Sources */,
				4090E2282D90A0FE001143BE /* PhotoMapper.swift in Sources */,
				40F9E12D2DB014EA0071A0FD /* IsPhotoFavoriteUseCase.swift in Sources */,
				406351EB2D90AC5B0090D1F8 /* RequestProtocol.swift in Sources */,
				406351F82D90B4BD0090D1F8 /* Resolver.swift in Sources */,
				4090E1D62D907B88001143BE /* MainView.swift in Sources */,
				4090E1CC2D907B0B001143BE /* PixoraApp.swift in Sources */,
				406351E12D90AA970090D1F8 /* BaseResponse.swift in Sources */,
				4090E1FB2D907E39001143BE /* ProfileViewModel.swift in Sources */,
				4090E1EF2D907DB4001143BE /* NotificationsView.swift in Sources */,
				4090E22E2D90A7C5001143BE /* UseCaseProtocol.swift in Sources */,
				4090E2152D909834001143BE /* PhotoRow.swift in Sources */,
				4090E2132D9097A2001143BE /* InfoView.swift in Sources */,
				4090E2252D909F95001143BE /* PhotoProfileImageModel.swift in Sources */,
				4090E2352D90A8B7001143BE /* PhotoRepository.swift in Sources */,
				406351E62D90AC1C0090D1F8 /* NetworkManagerImpl.swift in Sources */,
				4090E2312D90A808001143BE /* AppError.swift in Sources */,
				4090E20E2D9081CF001143BE /* SessionManager.swift in Sources */,
				400B5A8A2D97530800C8C15E /* PhotoDetailsView.swift in Sources */,
				406351E92D90AC4B0090D1F8 /* NetworkError.swift in Sources */,
			);
			runOnlyForDeploymentPostprocessing = 0;
		};
/* End PBXSourcesBuildPhase section */

/* Begin XCBuildConfiguration section */
		4090E1BB2D907A61001143BE /* Debug */ = {
			isa = XCBuildConfiguration;
			buildSettings = {
				ALWAYS_SEARCH_USER_PATHS = NO;
				ASSETCATALOG_COMPILER_GENERATE_SWIFT_ASSET_SYMBOL_EXTENSIONS = YES;
				CLANG_ANALYZER_NONNULL = YES;
				CLANG_ANALYZER_NUMBER_OBJECT_CONVERSION = YES_AGGRESSIVE;
				CLANG_CXX_LANGUAGE_STANDARD = "gnu++20";
				CLANG_ENABLE_MODULES = YES;
				CLANG_ENABLE_OBJC_ARC = YES;
				CLANG_ENABLE_OBJC_WEAK = YES;
				CLANG_WARN_BLOCK_CAPTURE_AUTORELEASING = YES;
				CLANG_WARN_BOOL_CONVERSION = YES;
				CLANG_WARN_COMMA = YES;
				CLANG_WARN_CONSTANT_CONVERSION = YES;
				CLANG_WARN_DEPRECATED_OBJC_IMPLEMENTATIONS = YES;
				CLANG_WARN_DIRECT_OBJC_ISA_USAGE = YES_ERROR;
				CLANG_WARN_DOCUMENTATION_COMMENTS = YES;
				CLANG_WARN_EMPTY_BODY = YES;
				CLANG_WARN_ENUM_CONVERSION = YES;
				CLANG_WARN_INFINITE_RECURSION = YES;
				CLANG_WARN_INT_CONVERSION = YES;
				CLANG_WARN_NON_LITERAL_NULL_CONVERSION = YES;
				CLANG_WARN_OBJC_IMPLICIT_RETAIN_SELF = YES;
				CLANG_WARN_OBJC_LITERAL_CONVERSION = YES;
				CLANG_WARN_OBJC_ROOT_CLASS = YES_ERROR;
				CLANG_WARN_QUOTED_INCLUDE_IN_FRAMEWORK_HEADER = YES;
				CLANG_WARN_RANGE_LOOP_ANALYSIS = YES;
				CLANG_WARN_STRICT_PROTOTYPES = YES;
				CLANG_WARN_SUSPICIOUS_MOVE = YES;
				CLANG_WARN_UNGUARDED_AVAILABILITY = YES_AGGRESSIVE;
				CLANG_WARN_UNREACHABLE_CODE = YES;
				CLANG_WARN__DUPLICATE_METHOD_MATCH = YES;
				COPY_PHASE_STRIP = NO;
				DEBUG_INFORMATION_FORMAT = dwarf;
				ENABLE_STRICT_OBJC_MSGSEND = YES;
				ENABLE_TESTABILITY = YES;
				ENABLE_USER_SCRIPT_SANDBOXING = YES;
				GCC_C_LANGUAGE_STANDARD = gnu17;
				GCC_DYNAMIC_NO_PIC = NO;
				GCC_NO_COMMON_BLOCKS = YES;
				GCC_OPTIMIZATION_LEVEL = 0;
				GCC_PREPROCESSOR_DEFINITIONS = (
					"DEBUG=1",
					"$(inherited)",
				);
				GCC_WARN_64_TO_32_BIT_CONVERSION = YES;
				GCC_WARN_ABOUT_RETURN_TYPE = YES_ERROR;
				GCC_WARN_UNDECLARED_SELECTOR = YES;
				GCC_WARN_UNINITIALIZED_AUTOS = YES_AGGRESSIVE;
				GCC_WARN_UNUSED_FUNCTION = YES;
				GCC_WARN_UNUSED_VARIABLE = YES;
				IPHONEOS_DEPLOYMENT_TARGET = 18.2;
				LOCALIZATION_PREFERS_STRING_CATALOGS = YES;
				MTL_ENABLE_DEBUG_INFO = INCLUDE_SOURCE;
				MTL_FAST_MATH = YES;
				ONLY_ACTIVE_ARCH = YES;
				SDKROOT = iphoneos;
				SWIFT_ACTIVE_COMPILATION_CONDITIONS = "DEBUG $(inherited)";
				SWIFT_OPTIMIZATION_LEVEL = "-Onone";
			};
			name = Debug;
		};
		4090E1BC2D907A61001143BE /* Release */ = {
			isa = XCBuildConfiguration;
			buildSettings = {
				ALWAYS_SEARCH_USER_PATHS = NO;
				ASSETCATALOG_COMPILER_GENERATE_SWIFT_ASSET_SYMBOL_EXTENSIONS = YES;
				CLANG_ANALYZER_NONNULL = YES;
				CLANG_ANALYZER_NUMBER_OBJECT_CONVERSION = YES_AGGRESSIVE;
				CLANG_CXX_LANGUAGE_STANDARD = "gnu++20";
				CLANG_ENABLE_MODULES = YES;
				CLANG_ENABLE_OBJC_ARC = YES;
				CLANG_ENABLE_OBJC_WEAK = YES;
				CLANG_WARN_BLOCK_CAPTURE_AUTORELEASING = YES;
				CLANG_WARN_BOOL_CONVERSION = YES;
				CLANG_WARN_COMMA = YES;
				CLANG_WARN_CONSTANT_CONVERSION = YES;
				CLANG_WARN_DEPRECATED_OBJC_IMPLEMENTATIONS = YES;
				CLANG_WARN_DIRECT_OBJC_ISA_USAGE = YES_ERROR;
				CLANG_WARN_DOCUMENTATION_COMMENTS = YES;
				CLANG_WARN_EMPTY_BODY = YES;
				CLANG_WARN_ENUM_CONVERSION = YES;
				CLANG_WARN_INFINITE_RECURSION = YES;
				CLANG_WARN_INT_CONVERSION = YES;
				CLANG_WARN_NON_LITERAL_NULL_CONVERSION = YES;
				CLANG_WARN_OBJC_IMPLICIT_RETAIN_SELF = YES;
				CLANG_WARN_OBJC_LITERAL_CONVERSION = YES;
				CLANG_WARN_OBJC_ROOT_CLASS = YES_ERROR;
				CLANG_WARN_QUOTED_INCLUDE_IN_FRAMEWORK_HEADER = YES;
				CLANG_WARN_RANGE_LOOP_ANALYSIS = YES;
				CLANG_WARN_STRICT_PROTOTYPES = YES;
				CLANG_WARN_SUSPICIOUS_MOVE = YES;
				CLANG_WARN_UNGUARDED_AVAILABILITY = YES_AGGRESSIVE;
				CLANG_WARN_UNREACHABLE_CODE = YES;
				CLANG_WARN__DUPLICATE_METHOD_MATCH = YES;
				COPY_PHASE_STRIP = NO;
				DEBUG_INFORMATION_FORMAT = "dwarf-with-dsym";
				ENABLE_NS_ASSERTIONS = NO;
				ENABLE_STRICT_OBJC_MSGSEND = YES;
				ENABLE_USER_SCRIPT_SANDBOXING = YES;
				GCC_C_LANGUAGE_STANDARD = gnu17;
				GCC_NO_COMMON_BLOCKS = YES;
				GCC_WARN_64_TO_32_BIT_CONVERSION = YES;
				GCC_WARN_ABOUT_RETURN_TYPE = YES_ERROR;
				GCC_WARN_UNDECLARED_SELECTOR = YES;
				GCC_WARN_UNINITIALIZED_AUTOS = YES_AGGRESSIVE;
				GCC_WARN_UNUSED_FUNCTION = YES;
				GCC_WARN_UNUSED_VARIABLE = YES;
				IPHONEOS_DEPLOYMENT_TARGET = 18.2;
				LOCALIZATION_PREFERS_STRING_CATALOGS = YES;
				MTL_ENABLE_DEBUG_INFO = NO;
				MTL_FAST_MATH = YES;
				SDKROOT = iphoneos;
				SWIFT_COMPILATION_MODE = wholemodule;
				VALIDATE_PRODUCT = YES;
			};
			name = Release;
		};
		4090E1BE2D907A61001143BE /* Debug */ = {
			isa = XCBuildConfiguration;
			buildSettings = {
				ASSETCATALOG_COMPILER_APPICON_NAME = AppIcon;
				ASSETCATALOG_COMPILER_GLOBAL_ACCENT_COLOR_NAME = AccentColor;
				CODE_SIGN_STYLE = Automatic;
				CURRENT_PROJECT_VERSION = 1;
				DEVELOPMENT_ASSET_PATHS = "\"Pixora/Preview Content\"";
				DEVELOPMENT_TEAM = AMAGSB5ARQ;
				ENABLE_PREVIEWS = YES;
				GENERATE_INFOPLIST_FILE = YES;
				INFOPLIST_KEY_UIApplicationSceneManifest_Generation = YES;
				INFOPLIST_KEY_UIApplicationSupportsIndirectInputEvents = YES;
				INFOPLIST_KEY_UILaunchScreen_Generation = YES;
				INFOPLIST_KEY_UISupportedInterfaceOrientations_iPad = "UIInterfaceOrientationPortrait UIInterfaceOrientationPortraitUpsideDown UIInterfaceOrientationLandscapeLeft UIInterfaceOrientationLandscapeRight";
				INFOPLIST_KEY_UISupportedInterfaceOrientations_iPhone = "UIInterfaceOrientationPortrait UIInterfaceOrientationLandscapeLeft UIInterfaceOrientationLandscapeRight";
				LD_RUNPATH_SEARCH_PATHS = (
					"$(inherited)",
					"@executable_path/Frameworks",
				);
				MARKETING_VERSION = 1.0;
				PRODUCT_BUNDLE_IDENTIFIER = com.ibrepidevs.Pixora;
				PRODUCT_NAME = "$(TARGET_NAME)";
				SWIFT_EMIT_LOC_STRINGS = YES;
				SWIFT_VERSION = 5.0;
				TARGETED_DEVICE_FAMILY = "1,2";
			};
			name = Debug;
		};
		4090E1BF2D907A61001143BE /* Release */ = {
			isa = XCBuildConfiguration;
			buildSettings = {
				ASSETCATALOG_COMPILER_APPICON_NAME = AppIcon;
				ASSETCATALOG_COMPILER_GLOBAL_ACCENT_COLOR_NAME = AccentColor;
				CODE_SIGN_STYLE = Automatic;
				CURRENT_PROJECT_VERSION = 1;
				DEVELOPMENT_ASSET_PATHS = "\"Pixora/Preview Content\"";
				DEVELOPMENT_TEAM = AMAGSB5ARQ;
				ENABLE_PREVIEWS = YES;
				GENERATE_INFOPLIST_FILE = YES;
				INFOPLIST_KEY_UIApplicationSceneManifest_Generation = YES;
				INFOPLIST_KEY_UIApplicationSupportsIndirectInputEvents = YES;
				INFOPLIST_KEY_UILaunchScreen_Generation = YES;
				INFOPLIST_KEY_UISupportedInterfaceOrientations_iPad = "UIInterfaceOrientationPortrait UIInterfaceOrientationPortraitUpsideDown UIInterfaceOrientationLandscapeLeft UIInterfaceOrientationLandscapeRight";
				INFOPLIST_KEY_UISupportedInterfaceOrientations_iPhone = "UIInterfaceOrientationPortrait UIInterfaceOrientationLandscapeLeft UIInterfaceOrientationLandscapeRight";
				LD_RUNPATH_SEARCH_PATHS = (
					"$(inherited)",
					"@executable_path/Frameworks",
				);
				MARKETING_VERSION = 1.0;
				PRODUCT_BUNDLE_IDENTIFIER = com.ibrepidevs.Pixora;
				PRODUCT_NAME = "$(TARGET_NAME)";
				SWIFT_EMIT_LOC_STRINGS = YES;
				SWIFT_VERSION = 5.0;
				TARGETED_DEVICE_FAMILY = "1,2";
			};
			name = Release;
		};
/* End XCBuildConfiguration section */

/* Begin XCConfigurationList section */
		4090E1A52D907A60001143BE /* Build configuration list for PBXProject "Pixora" */ = {
			isa = XCConfigurationList;
			buildConfigurations = (
				4090E1BB2D907A61001143BE /* Debug */,
				4090E1BC2D907A61001143BE /* Release */,
			);
			defaultConfigurationIsVisible = 0;
			defaultConfigurationName = Release;
		};
		4090E1BD2D907A61001143BE /* Build configuration list for PBXNativeTarget "Pixora" */ = {
			isa = XCConfigurationList;
			buildConfigurations = (
				4090E1BE2D907A61001143BE /* Debug */,
				4090E1BF2D907A61001143BE /* Release */,
			);
			defaultConfigurationIsVisible = 0;
			defaultConfigurationName = Release;
		};
/* End XCConfigurationList section */

/* Begin XCRemoteSwiftPackageReference section */
		406351F92D90BBF70090D1F8 /* XCRemoteSwiftPackageReference "CryptoSwift" */ = {
			isa = XCRemoteSwiftPackageReference;
			repositoryURL = "https://github.com/krzyzanowskim/CryptoSwift.git";
			requirement = {
				kind = upToNextMajorVersion;
				minimumVersion = 1.8.4;
			};
		};
		4090E1FE2D908179001143BE /* XCRemoteSwiftPackageReference "firebase-ios-sdk" */ = {
			isa = XCRemoteSwiftPackageReference;
			repositoryURL = "https://github.com/firebase/firebase-ios-sdk";
			requirement = {
				kind = upToNextMajorVersion;
				minimumVersion = 11.10.0;
			};
		};
		4090E2052D90818B001143BE /* XCRemoteSwiftPackageReference "Swinject" */ = {
			isa = XCRemoteSwiftPackageReference;
			repositoryURL = "https://github.com/Swinject/Swinject.git";
			requirement = {
				kind = upToNextMajorVersion;
				minimumVersion = 2.9.1;
			};
		};
		4090E2082D90819C001143BE /* XCRemoteSwiftPackageReference "SDWebImageSwiftUI" */ = {
			isa = XCRemoteSwiftPackageReference;
			repositoryURL = "https://github.com/SDWebImage/SDWebImageSwiftUI";
			requirement = {
				kind = upToNextMajorVersion;
				minimumVersion = 3.1.3;
			};
		};
/* End XCRemoteSwiftPackageReference section */

/* Begin XCSwiftPackageProductDependency section */
		406351FA2D90BBF70090D1F8 /* CryptoSwift */ = {
			isa = XCSwiftPackageProductDependency;
			package = 406351F92D90BBF70090D1F8 /* XCRemoteSwiftPackageReference "CryptoSwift" */;
			productName = CryptoSwift;
		};
		4090E1FF2D908179001143BE /* FirebaseAuth */ = {
			isa = XCSwiftPackageProductDependency;
			package = 4090E1FE2D908179001143BE /* XCRemoteSwiftPackageReference "firebase-ios-sdk" */;
			productName = FirebaseAuth;
		};
		4090E2012D908179001143BE /* FirebaseFirestore */ = {
			isa = XCSwiftPackageProductDependency;
			package = 4090E1FE2D908179001143BE /* XCRemoteSwiftPackageReference "firebase-ios-sdk" */;
			productName = FirebaseFirestore;
		};
		4090E2032D908179001143BE /* FirebaseStorage */ = {
			isa = XCSwiftPackageProductDependency;
			package = 4090E1FE2D908179001143BE /* XCRemoteSwiftPackageReference "firebase-ios-sdk" */;
			productName = FirebaseStorage;
		};
		4090E2062D90818B001143BE /* Swinject */ = {
			isa = XCSwiftPackageProductDependency;
			package = 4090E2052D90818B001143BE /* XCRemoteSwiftPackageReference "Swinject" */;
			productName = Swinject;
		};
		4090E2092D90819C001143BE /* SDWebImageSwiftUI */ = {
			isa = XCSwiftPackageProductDependency;
			package = 4090E2082D90819C001143BE /* XCRemoteSwiftPackageReference "SDWebImageSwiftUI" */;
			productName = SDWebImageSwiftUI;
		};
/* End XCSwiftPackageProductDependency section */

/* Begin XCVersionGroup section */
		4090E1C52D907B0B001143BE /* Pixora.xcdatamodeld */ = {
			isa = XCVersionGroup;
			children = (
				4090E1C82D907B0B001143BE /* Pixora.xcdatamodel */,
			);
			currentVersion = 4090E1C82D907B0B001143BE /* Pixora.xcdatamodel */;
			path = Pixora.xcdatamodeld;
			sourceTree = "<group>";
			versionGroupType = wrapper.xcdatamodel;
		};
/* End XCVersionGroup section */
	};
	rootObject = 4090E1A22D907A60001143BE /* Project object */;
}
